// !$*UTF8*$!
{
	archiveVersion = 1;
	classes = {
	};
	objectVersion = 56;
	objects = {

/* Begin PBXBuildFile section */
		10CDA58928E4CF92000B4005 /* AppDelegate.swift in Sources */ = {isa = PBXBuildFile; fileRef = 10CDA58828E4CF92000B4005 /* AppDelegate.swift */; };
		10CDA58B28E4CF92000B4005 /* SceneDelegate.swift in Sources */ = {isa = PBXBuildFile; fileRef = 10CDA58A28E4CF92000B4005 /* SceneDelegate.swift */; };
		10CDA58D28E4CF92000B4005 /* ViewController.swift in Sources */ = {isa = PBXBuildFile; fileRef = 10CDA58C28E4CF92000B4005 /* ViewController.swift */; };
		10CDA59028E4CF92000B4005 /* Main.storyboard in Resources */ = {isa = PBXBuildFile; fileRef = 10CDA58E28E4CF92000B4005 /* Main.storyboard */; };
		10CDA59228E4CF93000B4005 /* Assets.xcassets in Resources */ = {isa = PBXBuildFile; fileRef = 10CDA59128E4CF93000B4005 /* Assets.xcassets */; };
		10CDA59528E4CF93000B4005 /* LaunchScreen.storyboard in Resources */ = {isa = PBXBuildFile; fileRef = 10CDA59328E4CF93000B4005 /* LaunchScreen.storyboard */; };
		10CDA5A428E4D1FE000B4005 /* TheoryViewModel.swift in Sources */ = {isa = PBXBuildFile; fileRef = 10CDA5A328E4D1FE000B4005 /* TheoryViewModel.swift */; };
		10CDA5A628E4D21F000B4005 /* EventsViewModel.swift in Sources */ = {isa = PBXBuildFile; fileRef = 10CDA5A528E4D21F000B4005 /* EventsViewModel.swift */; };
		10CDA5AA28E4D249000B4005 /* PatternsViewModel.swift in Sources */ = {isa = PBXBuildFile; fileRef = 10CDA5A928E4D249000B4005 /* PatternsViewModel.swift */; };
		10CDA5AC28E4D2EF000B4005 /* Patterns.swift in Sources */ = {isa = PBXBuildFile; fileRef = 10CDA5AB28E4D2EF000B4005 /* Patterns.swift */; };
		10CDA5AE28E4D2FD000B4005 /* Events.swift in Sources */ = {isa = PBXBuildFile; fileRef = 10CDA5AD28E4D2FD000B4005 /* Events.swift */; };
		10CDA5B028E4D309000B4005 /* Theory.swift in Sources */ = {isa = PBXBuildFile; fileRef = 10CDA5AF28E4D309000B4005 /* Theory.swift */; };
/* End PBXBuildFile section */

/* Begin PBXFileReference section */
		10CDA58528E4CF92000B4005 /* TaekwondoGPFTUiKit.app */ = {isa = PBXFileReference; explicitFileType = wrapper.application; includeInIndex = 0; path = TaekwondoGPFTUiKit.app; sourceTree = BUILT_PRODUCTS_DIR; };
		10CDA58828E4CF92000B4005 /* AppDelegate.swift */ = {isa = PBXFileReference; lastKnownFileType = sourcecode.swift; path = AppDelegate.swift; sourceTree = "<group>"; };
		10CDA58A28E4CF92000B4005 /* SceneDelegate.swift */ = {isa = PBXFileReference; lastKnownFileType = sourcecode.swift; path = SceneDelegate.swift; sourceTree = "<group>"; };
		10CDA58C28E4CF92000B4005 /* ViewController.swift */ = {isa = PBXFileReference; lastKnownFileType = sourcecode.swift; path = ViewController.swift; sourceTree = "<group>"; };
		10CDA58F28E4CF92000B4005 /* Base */ = {isa = PBXFileReference; lastKnownFileType = file.storyboard; name = Base; path = Base.lproj/Main.storyboard; sourceTree = "<group>"; };
		10CDA59128E4CF93000B4005 /* Assets.xcassets */ = {isa = PBXFileReference; lastKnownFileType = folder.assetcatalog; path = Assets.xcassets; sourceTree = "<group>"; };
		10CDA59428E4CF93000B4005 /* Base */ = {isa = PBXFileReference; lastKnownFileType = file.storyboard; name = Base; path = Base.lproj/LaunchScreen.storyboard; sourceTree = "<group>"; };
		10CDA59628E4CF93000B4005 /* Info.plist */ = {isa = PBXFileReference; lastKnownFileType = text.plist.xml; path = Info.plist; sourceTree = "<group>"; };
		10CDA5A328E4D1FE000B4005 /* TheoryViewModel.swift */ = {isa = PBXFileReference; lastKnownFileType = sourcecode.swift; path = TheoryViewModel.swift; sourceTree = "<group>"; };
		10CDA5A528E4D21F000B4005 /* EventsViewModel.swift */ = {isa = PBXFileReference; lastKnownFileType = sourcecode.swift; path = EventsViewModel.swift; sourceTree = "<group>"; };
		10CDA5A928E4D249000B4005 /* PatternsViewModel.swift */ = {isa = PBXFileReference; lastKnownFileType = sourcecode.swift; path = PatternsViewModel.swift; sourceTree = "<group>"; };
		10CDA5AB28E4D2EF000B4005 /* Patterns.swift */ = {isa = PBXFileReference; lastKnownFileType = sourcecode.swift; path = Patterns.swift; sourceTree = "<group>"; };
		10CDA5AD28E4D2FD000B4005 /* Events.swift */ = {isa = PBXFileReference; lastKnownFileType = sourcecode.swift; path = Events.swift; sourceTree = "<group>"; };
		10CDA5AF28E4D309000B4005 /* Theory.swift */ = {isa = PBXFileReference; lastKnownFileType = sourcecode.swift; path = Theory.swift; sourceTree = "<group>"; };
/* End PBXFileReference section */

/* Begin PBXFrameworksBuildPhase section */
		10CDA58228E4CF92000B4005 /* Frameworks */ = {
			isa = PBXFrameworksBuildPhase;
			buildActionMask = 2147483647;
			files = (
			);
			runOnlyForDeploymentPostprocessing = 0;
		};
/* End PBXFrameworksBuildPhase section */

/* Begin PBXGroup section */
		10CDA57C28E4CF92000B4005 = {
			isa = PBXGroup;
			children = (
				10CDA58728E4CF92000B4005 /* TaekwondoGPFTUiKit */,
				10CDA58628E4CF92000B4005 /* Products */,
			);
			sourceTree = "<group>";
		};
		10CDA58628E4CF92000B4005 /* Products */ = {
			isa = PBXGroup;
			children = (
				10CDA58528E4CF92000B4005 /* TaekwondoGPFTUiKit.app */,
			);
			name = Products;
			sourceTree = "<group>";
		};
		10CDA58728E4CF92000B4005 /* TaekwondoGPFTUiKit */ = {
			isa = PBXGroup;
			children = (
				10CDA59E28E4D159000B4005 /* ViewModels */,
				10CDA5A028E4D195000B4005 /* Views */,
				10CDA59C28E4D0C6000B4005 /* Extenions */,
				10CDA58828E4CF92000B4005 /* AppDelegate.swift */,
				10CDA58A28E4CF92000B4005 /* SceneDelegate.swift */,
				10CDA58C28E4CF92000B4005 /* ViewController.swift */,
				10CDA58E28E4CF92000B4005 /* Main.storyboard */,
				10CDA59128E4CF93000B4005 /* Assets.xcassets */,
				10CDA59328E4CF93000B4005 /* LaunchScreen.storyboard */,
				10CDA59628E4CF93000B4005 /* Info.plist */,
			);
			path = TaekwondoGPFTUiKit;
			sourceTree = "<group>";
		};
		10CDA59C28E4D0C6000B4005 /* Extenions */ = {
			isa = PBXGroup;
			children = (
			);
			path = Extenions;
			sourceTree = "<group>";
		};
		10CDA59E28E4D159000B4005 /* ViewModels */ = {
			isa = PBXGroup;
			children = (
				10CDA5A328E4D1FE000B4005 /* TheoryViewModel.swift */,
				10CDA5A528E4D21F000B4005 /* EventsViewModel.swift */,
				10CDA5A928E4D249000B4005 /* PatternsViewModel.swift */,
				10CDA59F28E4D163000B4005 /* Models */,
			);
			path = ViewModels;
			sourceTree = "<group>";
		};
		10CDA59F28E4D163000B4005 /* Models */ = {
			isa = PBXGroup;
			children = (
				10CDA5AB28E4D2EF000B4005 /* Patterns.swift */,
				10CDA5AD28E4D2FD000B4005 /* Events.swift */,
				10CDA5AF28E4D309000B4005 /* Theory.swift */,
			);
			path = Models;
			sourceTree = "<group>";
		};
		10CDA5A028E4D195000B4005 /* Views */ = {
			isa = PBXGroup;
			children = (
			);
			path = Views;
			sourceTree = "<group>";
		};
/* End PBXGroup section */

/* Begin PBXNativeTarget section */
		10CDA58428E4CF92000B4005 /* TaekwondoGPFTUiKit */ = {
			isa = PBXNativeTarget;
			buildConfigurationList = 10CDA59928E4CF93000B4005 /* Build configuration list for PBXNativeTarget "TaekwondoGPFTUiKit" */;
			buildPhases = (
				10CDA58128E4CF92000B4005 /* Sources */,
				10CDA58228E4CF92000B4005 /* Frameworks */,
				10CDA58328E4CF92000B4005 /* Resources */,
			);
			buildRules = (
			);
			dependencies = (
			);
			name = TaekwondoGPFTUiKit;
			productName = TaekwondoGPFTUiKit;
			productReference = 10CDA58528E4CF92000B4005 /* TaekwondoGPFTUiKit.app */;
			productType = "com.apple.product-type.application";
		};
/* End PBXNativeTarget section */

/* Begin PBXProject section */
		10CDA57D28E4CF92000B4005 /* Project object */ = {
			isa = PBXProject;
			attributes = {
				BuildIndependentTargetsInParallel = 1;
				LastSwiftUpdateCheck = 1400;
				LastUpgradeCheck = 1400;
				TargetAttributes = {
					10CDA58428E4CF92000B4005 = {
						CreatedOnToolsVersion = 14.0;
					};
				};
			};
			buildConfigurationList = 10CDA58028E4CF92000B4005 /* Build configuration list for PBXProject "TaekwondoGPFTUiKit" */;
			compatibilityVersion = "Xcode 14.0";
			developmentRegion = en;
			hasScannedForEncodings = 0;
			knownRegions = (
				en,
				Base,
			);
			mainGroup = 10CDA57C28E4CF92000B4005;
			productRefGroup = 10CDA58628E4CF92000B4005 /* Products */;
			projectDirPath = "";
			projectRoot = "";
			targets = (
				10CDA58428E4CF92000B4005 /* TaekwondoGPFTUiKit */,
			);
		};
/* End PBXProject section */

/* Begin PBXResourcesBuildPhase section */
		10CDA58328E4CF92000B4005 /* Resources */ = {
			isa = PBXResourcesBuildPhase;
			buildActionMask = 2147483647;
			files = (
				10CDA59528E4CF93000B4005 /* LaunchScreen.storyboard in Resources */,
				10CDA59228E4CF93000B4005 /* Assets.xcassets in Resources */,
				10CDA59028E4CF92000B4005 /* Main.storyboard in Resources */,
			);
			runOnlyForDeploymentPostprocessing = 0;
		};
/* End PBXResourcesBuildPhase section */

/* Begin PBXSourcesBuildPhase section */
		10CDA58128E4CF92000B4005 /* Sources */ = {
			isa = PBXSourcesBuildPhase;
			buildActionMask = 2147483647;
			files = (
				10CDA5A628E4D21F000B4005 /* EventsViewModel.swift in Sources */,
				10CDA58D28E4CF92000B4005 /* ViewController.swift in Sources */,
				10CDA58928E4CF92000B4005 /* AppDelegate.swift in Sources */,
				10CDA5AA28E4D249000B4005 /* PatternsViewModel.swift in Sources */,
				10CDA5AE28E4D2FD000B4005 /* Events.swift in Sources */,
				10CDA5B028E4D309000B4005 /* Theory.swift in Sources */,
				10CDA58B28E4CF92000B4005 /* SceneDelegate.swift in Sources */,
				10CDA5A428E4D1FE000B4005 /* TheoryViewModel.swift in Sources */,
				10CDA5AC28E4D2EF000B4005 /* Patterns.swift in Sources */,
			);
			runOnlyForDeploymentPostprocessing = 0;
		};
/* End PBXSourcesBuildPhase section */

/* Begin PBXVariantGroup section */
		10CDA58E28E4CF92000B4005 /* Main.storyboard */ = {
			isa = PBXVariantGroup;
			children = (
				10CDA58F28E4CF92000B4005 /* Base */,
			);
			name = Main.storyboard;
			sourceTree = "<group>";
		};
		10CDA59328E4CF93000B4005 /* LaunchScreen.storyboard */ = {
			isa = PBXVariantGroup;
			children = (
				10CDA59428E4CF93000B4005 /* Base */,
			);
			name = LaunchScreen.storyboard;
			sourceTree = "<group>";
		};
/* End PBXVariantGroup section */

/* Begin XCBuildConfiguration section */
		10CDA59728E4CF93000B4005 /* Debug */ = {
			isa = XCBuildConfiguration;
			buildSettings = {
				ALWAYS_SEARCH_USER_PATHS = NO;
				CLANG_ANALYZER_NONNULL = YES;
				CLANG_ANALYZER_NUMBER_OBJECT_CONVERSION = YES_AGGRESSIVE;
				CLANG_CXX_LANGUAGE_STANDARD = "gnu++20";
				CLANG_ENABLE_MODULES = YES;
				CLANG_ENABLE_OBJC_ARC = YES;
				CLANG_ENABLE_OBJC_WEAK = YES;
				CLANG_WARN_BLOCK_CAPTURE_AUTORELEASING = YES;
				CLANG_WARN_BOOL_CONVERSION = YES;
				CLANG_WARN_COMMA = YES;
				CLANG_WARN_CONSTANT_CONVERSION = YES;
				CLANG_WARN_DEPRECATED_OBJC_IMPLEMENTATIONS = YES;
				CLANG_WARN_DIRECT_OBJC_ISA_USAGE = YES_ERROR;
				CLANG_WARN_DOCUMENTATION_COMMENTS = YES;
				CLANG_WARN_EMPTY_BODY = YES;
				CLANG_WARN_ENUM_CONVERSION = YES;
				CLANG_WARN_INFINITE_RECURSION = YES;
				CLANG_WARN_INT_CONVERSION = YES;
				CLANG_WARN_NON_LITERAL_NULL_CONVERSION = YES;
				CLANG_WARN_OBJC_IMPLICIT_RETAIN_SELF = YES;
				CLANG_WARN_OBJC_LITERAL_CONVERSION = YES;
				CLANG_WARN_OBJC_ROOT_CLASS = YES_ERROR;
				CLANG_WARN_QUOTED_INCLUDE_IN_FRAMEWORK_HEADER = YES;
				CLANG_WARN_RANGE_LOOP_ANALYSIS = YES;
				CLANG_WARN_STRICT_PROTOTYPES = YES;
				CLANG_WARN_SUSPICIOUS_MOVE = YES;
				CLANG_WARN_UNGUARDED_AVAILABILITY = YES_AGGRESSIVE;
				CLANG_WARN_UNREACHABLE_CODE = YES;
				CLANG_WARN__DUPLICATE_METHOD_MATCH = YES;
				COPY_PHASE_STRIP = NO;
				DEBUG_INFORMATION_FORMAT = dwarf;
				ENABLE_STRICT_OBJC_MSGSEND = YES;
				ENABLE_TESTABILITY = YES;
				GCC_C_LANGUAGE_STANDARD = gnu11;
				GCC_DYNAMIC_NO_PIC = NO;
				GCC_NO_COMMON_BLOCKS = YES;
				GCC_OPTIMIZATION_LEVEL = 0;
				GCC_PREPROCESSOR_DEFINITIONS = (
					"DEBUG=1",
					"$(inherited)",
				);
				GCC_WARN_64_TO_32_BIT_CONVERSION = YES;
				GCC_WARN_ABOUT_RETURN_TYPE = YES_ERROR;
				GCC_WARN_UNDECLARED_SELECTOR = YES;
				GCC_WARN_UNINITIALIZED_AUTOS = YES_AGGRESSIVE;
				GCC_WARN_UNUSED_FUNCTION = YES;
				GCC_WARN_UNUSED_VARIABLE = YES;
				IPHONEOS_DEPLOYMENT_TARGET = 16.0;
				MTL_ENABLE_DEBUG_INFO = INCLUDE_SOURCE;
				MTL_FAST_MATH = YES;
				ONLY_ACTIVE_ARCH = YES;
				SDKROOT = iphoneos;
				SWIFT_ACTIVE_COMPILATION_CONDITIONS = DEBUG;
				SWIFT_OPTIMIZATION_LEVEL = "-Onone";
			};
			name = Debug;
		};
		10CDA59828E4CF93000B4005 /* Release */ = {
			isa = XCBuildConfiguration;
			buildSettings = {
				ALWAYS_SEARCH_USER_PATHS = NO;
				CLANG_ANALYZER_NONNULL = YES;
				CLANG_ANALYZER_NUMBER_OBJECT_CONVERSION = YES_AGGRESSIVE;
				CLANG_CXX_LANGUAGE_STANDARD = "gnu++20";
				CLANG_ENABLE_MODULES = YES;
				CLANG_ENABLE_OBJC_ARC = YES;
				CLANG_ENABLE_OBJC_WEAK = YES;
				CLANG_WARN_BLOCK_CAPTURE_AUTORELEASING = YES;
				CLANG_WARN_BOOL_CONVERSION = YES;
				CLANG_WARN_COMMA = YES;
				CLANG_WARN_CONSTANT_CONVERSION = YES;
				CLANG_WARN_DEPRECATED_OBJC_IMPLEMENTATIONS = YES;
				CLANG_WARN_DIRECT_OBJC_ISA_USAGE = YES_ERROR;
				CLANG_WARN_DOCUMENTATION_COMMENTS = YES;
				CLANG_WARN_EMPTY_BODY = YES;
				CLANG_WARN_ENUM_CONVERSION = YES;
				CLANG_WARN_INFINITE_RECURSION = YES;
				CLANG_WARN_INT_CONVERSION = YES;
				CLANG_WARN_NON_LITERAL_NULL_CONVERSION = YES;
				CLANG_WARN_OBJC_IMPLICIT_RETAIN_SELF = YES;
				CLANG_WARN_OBJC_LITERAL_CONVERSION = YES;
				CLANG_WARN_OBJC_ROOT_CLASS = YES_ERROR;
				CLANG_WARN_QUOTED_INCLUDE_IN_FRAMEWORK_HEADER = YES;
				CLANG_WARN_RANGE_LOOP_ANALYSIS = YES;
				CLANG_WARN_STRICT_PROTOTYPES = YES;
				CLANG_WARN_SUSPICIOUS_MOVE = YES;
				CLANG_WARN_UNGUARDED_AVAILABILITY = YES_AGGRESSIVE;
				CLANG_WARN_UNREACHABLE_CODE = YES;
				CLANG_WARN__DUPLICATE_METHOD_MATCH = YES;
				COPY_PHASE_STRIP = NO;
				DEBUG_INFORMATION_FORMAT = "dwarf-with-dsym";
				ENABLE_NS_ASSERTIONS = NO;
				ENABLE_STRICT_OBJC_MSGSEND = YES;
				GCC_C_LANGUAGE_STANDARD = gnu11;
				GCC_NO_COMMON_BLOCKS = YES;
				GCC_WARN_64_TO_32_BIT_CONVERSION = YES;
				GCC_WARN_ABOUT_RETURN_TYPE = YES_ERROR;
				GCC_WARN_UNDECLARED_SELECTOR = YES;
				GCC_WARN_UNINITIALIZED_AUTOS = YES_AGGRESSIVE;
				GCC_WARN_UNUSED_FUNCTION = YES;
				GCC_WARN_UNUSED_VARIABLE = YES;
				IPHONEOS_DEPLOYMENT_TARGET = 16.0;
				MTL_ENABLE_DEBUG_INFO = NO;
				MTL_FAST_MATH = YES;
				SDKROOT = iphoneos;
				SWIFT_COMPILATION_MODE = wholemodule;
				SWIFT_OPTIMIZATION_LEVEL = "-O";
				VALIDATE_PRODUCT = YES;
			};
			name = Release;
		};
		10CDA59A28E4CF93000B4005 /* Debug */ = {
			isa = XCBuildConfiguration;
			buildSettings = {
				ASSETCATALOG_COMPILER_APPICON_NAME = AppIcon;
				ASSETCATALOG_COMPILER_GLOBAL_ACCENT_COLOR_NAME = AccentColor;
				CODE_SIGN_STYLE = Automatic;
				CURRENT_PROJECT_VERSION = 1;
				DEVELOPMENT_TEAM = 4MD5T682WB;
				GENERATE_INFOPLIST_FILE = YES;
				INFOPLIST_FILE = TaekwondoGPFTUiKit/Info.plist;
				INFOPLIST_KEY_UIApplicationSupportsIndirectInputEvents = YES;
				INFOPLIST_KEY_UILaunchStoryboardName = LaunchScreen;
				INFOPLIST_KEY_UIMainStoryboardFile = Main;
				INFOPLIST_KEY_UISupportedInterfaceOrientations_iPad = "UIInterfaceOrientationPortrait UIInterfaceOrientationPortraitUpsideDown UIInterfaceOrientationLandscapeLeft UIInterfaceOrientationLandscapeRight";
				INFOPLIST_KEY_UISupportedInterfaceOrientations_iPhone = "UIInterfaceOrientationPortrait UIInterfaceOrientationLandscapeLeft UIInterfaceOrientationLandscapeRight";
				IPHONEOS_DEPLOYMENT_TARGET = 15.0;
				LD_RUNPATH_SEARCH_PATHS = (
					"$(inherited)",
					"@executable_path/Frameworks",
				);
				MARKETING_VERSION = 1.0;
				PRODUCT_BUNDLE_IDENTIFIER = pl.rgkonsulting.TaekwondoGPFTUiKit;
				PRODUCT_NAME = "$(TARGET_NAME)";
				SWIFT_EMIT_LOC_STRINGS = YES;
				SWIFT_VERSION = 5.0;
				TARGETED_DEVICE_FAMILY = "1,2";
			};
			name = Debug;
		};
		10CDA59B28E4CF93000B4005 /* Release */ = {
			isa = XCBuildConfiguration;
			buildSettings = {
				ASSETCATALOG_COMPILER_APPICON_NAME = AppIcon;
				ASSETCATALOG_COMPILER_GLOBAL_ACCENT_COLOR_NAME = AccentColor;
				CODE_SIGN_STYLE = Automatic;
				CURRENT_PROJECT_VERSION = 1;
				DEVELOPMENT_TEAM = 4MD5T682WB;
				GENERATE_INFOPLIST_FILE = YES;
				INFOPLIST_FILE = TaekwondoGPFTUiKit/Info.plist;
				INFOPLIST_KEY_UIApplicationSupportsIndirectInputEvents = YES;
				INFOPLIST_KEY_UILaunchStoryboardName = LaunchScreen;
				INFOPLIST_KEY_UIMainStoryboardFile = Main;
				INFOPLIST_KEY_UISupportedInterfaceOrientations_iPad = "UIInterfaceOrientationPortrait UIInterfaceOrientationPortraitUpsideDown UIInterfaceOrientationLandscapeLeft UIInterfaceOrientationLandscapeRight";
				INFOPLIST_KEY_UISupportedInterfaceOrientations_iPhone = "UIInterfaceOrientationPortrait UIInterfaceOrientationLandscapeLeft UIInterfaceOrientationLandscapeRight";
				IPHONEOS_DEPLOYMENT_TARGET = 15.0;
				LD_RUNPATH_SEARCH_PATHS = (
					"$(inherited)",
					"@executable_path/Frameworks",
				);
				MARKETING_VERSION = 1.0;
				PRODUCT_BUNDLE_IDENTIFIER = pl.rgkonsulting.TaekwondoGPFTUiKit;
				PRODUCT_NAME = "$(TARGET_NAME)";
				SWIFT_EMIT_LOC_STRINGS = YES;
				SWIFT_VERSION = 5.0;
				TARGETED_DEVICE_FAMILY = "1,2";
			};
			name = Release;
		};
/* End XCBuildConfiguration section */

/* Begin XCConfigurationList section */
		10CDA58028E4CF92000B4005 /* Build configuration list for PBXProject "TaekwondoGPFTUiKit" */ = {
			isa = XCConfigurationList;
			buildConfigurations = (
				10CDA59728E4CF93000B4005 /* Debug */,
				10CDA59828E4CF93000B4005 /* Release */,
			);
			defaultConfigurationIsVisible = 0;
			defaultConfigurationName = Release;
		};
		10CDA59928E4CF93000B4005 /* Build configuration list for PBXNativeTarget "TaekwondoGPFTUiKit" */ = {
			isa = XCConfigurationList;
			buildConfigurations = (
				10CDA59A28E4CF93000B4005 /* Debug */,
				10CDA59B28E4CF93000B4005 /* Release */,
			);
			defaultConfigurationIsVisible = 0;
			defaultConfigurationName = Release;
		};
/* End XCConfigurationList section */
	};
	rootObject = 10CDA57D28E4CF92000B4005 /* Project object */;
}
