// !$*UTF8*$!
{
	archiveVersion = 1;
	classes = {
	};
	objectVersion = 56;
	objects = {

/* Begin PBXBuildFile section */
		100B976429AFDEB500D29ED7 /* Bundle - CodableExtension.swift in Sources */ = {isa = PBXBuildFile; fileRef = 100B976329AFDEB500D29ED7 /* Bundle - CodableExtension.swift */; };
		100B976729AFE0D100D29ED7 /* MapView.swift in Sources */ = {isa = PBXBuildFile; fileRef = 100B976629AFE0D100D29ED7 /* MapView.swift */; };
		100B976929AFE0E600D29ED7 /* TimerView.swift in Sources */ = {isa = PBXBuildFile; fileRef = 100B976829AFE0E600D29ED7 /* TimerView.swift */; };
		100B976B29AFE10A00D29ED7 /* GalleryView.swift in Sources */ = {isa = PBXBuildFile; fileRef = 100B976A29AFE10A00D29ED7 /* GalleryView.swift */; };
		100B976D29AFE40600D29ED7 /* CreditsView.swift in Sources */ = {isa = PBXBuildFile; fileRef = 100B976C29AFE40600D29ED7 /* CreditsView.swift */; };
		100B976F29AFE50100D29ED7 /* MotionAnimationView.swift in Sources */ = {isa = PBXBuildFile; fileRef = 100B976E29AFE50100D29ED7 /* MotionAnimationView.swift */; };
		100B977229AFE99B00D29ED7 /* CustomButton.swift in Sources */ = {isa = PBXBuildFile; fileRef = 100B977129AFE99B00D29ED7 /* CustomButton.swift */; };
		100B977429B0B58400D29ED7 /* BlueCapsule.swift in Sources */ = {isa = PBXBuildFile; fileRef = 100B977329B0B58400D29ED7 /* BlueCapsule.swift */; };
		100B977629B0BABD00D29ED7 /* TheoryView.swift in Sources */ = {isa = PBXBuildFile; fileRef = 100B977529B0BABD00D29ED7 /* TheoryView.swift */; };
		100B977829B0C07200D29ED7 /* PatternsView.swift in Sources */ = {isa = PBXBuildFile; fileRef = 100B977729B0C07200D29ED7 /* PatternsView.swift */; };
		100B977A29B1207300D29ED7 /* GrowingButton.swift in Sources */ = {isa = PBXBuildFile; fileRef = 100B977929B1207300D29ED7 /* GrowingButton.swift */; };
		100B977C29B1210C00D29ED7 /* BlueButton.swift in Sources */ = {isa = PBXBuildFile; fileRef = 100B977B29B1210C00D29ED7 /* BlueButton.swift */; };
		10283D212938C0F000250E2F /* Theory.json in Resources */ = {isa = PBXBuildFile; fileRef = 10283D202938C0F000250E2F /* Theory.json */; };
		10283D232938C28C00250E2F /* TheoryDetailView.swift in Sources */ = {isa = PBXBuildFile; fileRef = 10283D222938C28C00250E2F /* TheoryDetailView.swift */; };
		10283D252938C36200250E2F /* TheoryDetailsViewModel.swift in Sources */ = {isa = PBXBuildFile; fileRef = 10283D242938C36200250E2F /* TheoryDetailsViewModel.swift */; };
		10392FE729C45B1600A7F76C /* Locations.json in Resources */ = {isa = PBXBuildFile; fileRef = 10392FE629C45B1600A7F76C /* Locations.json */; };
		10392FE929C45C6700A7F76C /* LocationModel.swift in Sources */ = {isa = PBXBuildFile; fileRef = 10392FE829C45C6700A7F76C /* LocationModel.swift */; };
		10392FED29C4600300A7F76C /* MapAnnotationView.swift in Sources */ = {isa = PBXBuildFile; fileRef = 10392FEC29C4600300A7F76C /* MapAnnotationView.swift */; };
		10392FEF29C4618300A7F76C /* InsetMapView.swift in Sources */ = {isa = PBXBuildFile; fileRef = 10392FEE29C4618300A7F76C /* InsetMapView.swift */; };
		104AE64C29D4B787000E0ED2 /* Gallery.json in Resources */ = {isa = PBXBuildFile; fileRef = 104AE64B29D4B787000E0ED2 /* Gallery.json */; };
		104AE64E29D4B877000E0ED2 /* GalleryModel.swift in Sources */ = {isa = PBXBuildFile; fileRef = 104AE64D29D4B877000E0ED2 /* GalleryModel.swift */; };
		104AE65029D4B96A000E0ED2 /* GalleryGridItemView.swift in Sources */ = {isa = PBXBuildFile; fileRef = 104AE64F29D4B96A000E0ED2 /* GalleryGridItemView.swift */; };
		104AE65229D4BC20000E0ED2 /* InsetGalleryView.swift in Sources */ = {isa = PBXBuildFile; fileRef = 104AE65129D4BC20000E0ED2 /* InsetGalleryView.swift */; };
		10599D48292584EC005E42F0 /* WKWebKit - URLLoader.swift in Sources */ = {isa = PBXBuildFile; fileRef = 10599D47292584EC005E42F0 /* WKWebKit - URLLoader.swift */; };
		10599D4A29258F72005E42F0 /* OnlineShop.swift in Sources */ = {isa = PBXBuildFile; fileRef = 10599D4929258F72005E42F0 /* OnlineShop.swift */; };
		10599D4C29258F85005E42F0 /* Calendar.swift in Sources */ = {isa = PBXBuildFile; fileRef = 10599D4B29258F85005E42F0 /* Calendar.swift */; };
		10599D9D292BA26F005E42F0 /* PatternsDetailView.swift in Sources */ = {isa = PBXBuildFile; fileRef = 10599D9C292BA26F005E42F0 /* PatternsDetailView.swift */; };
		10599D9F292BB23E005E42F0 /* PatternsDetailsViewModel.swift in Sources */ = {isa = PBXBuildFile; fileRef = 10599D9E292BB23E005E42F0 /* PatternsDetailsViewModel.swift */; };
		1059C0932A0AD1060011855D /* QuickAction.swift in Sources */ = {isa = PBXBuildFile; fileRef = 1059C0922A0AD1060011855D /* QuickAction.swift */; };
		1062826229AD4A1B00EBBD3E /* TaekwondoGPFTApp.swift in Sources */ = {isa = PBXBuildFile; fileRef = 1062826129AD4A1B00EBBD3E /* TaekwondoGPFTApp.swift */; };
		1062826429AD4A7500EBBD3E /* ContentView.swift in Sources */ = {isa = PBXBuildFile; fileRef = 1062826329AD4A7500EBBD3E /* ContentView.swift */; };
		1062826629AD4AC500EBBD3E /* MainScreen.swift in Sources */ = {isa = PBXBuildFile; fileRef = 1062826529AD4AC500EBBD3E /* MainScreen.swift */; };
		107F9DA429B4BC8E00C0C25F /* PatternRow.swift in Sources */ = {isa = PBXBuildFile; fileRef = 107F9DA329B4BC8E00C0C25F /* PatternRow.swift */; };
		107F9DA629B4EA5500C0C25F /* TheoryRow.swift in Sources */ = {isa = PBXBuildFile; fileRef = 107F9DA529B4EA5500C0C25F /* TheoryRow.swift */; };
		107F9DB329B5E45200C0C25F /* VideoPlayerService.swift in Sources */ = {isa = PBXBuildFile; fileRef = 107F9DB229B5E45200C0C25F /* VideoPlayerService.swift */; };
		107F9DB629B5E4AA00C0C25F /* Chon-gi.mp4 in Resources */ = {isa = PBXBuildFile; fileRef = 107F9DB529B5E4AA00C0C25F /* Chon-gi.mp4 */; };
		107F9DB829B5EC6100C0C25F /* VideoPlayerView.swift in Sources */ = {isa = PBXBuildFile; fileRef = 107F9DB729B5EC6100C0C25F /* VideoPlayerView.swift */; };
		1081A5A62919219000666376 /* CalendarView.swift in Sources */ = {isa = PBXBuildFile; fileRef = 1081A5A52919219000666376 /* CalendarView.swift */; };
		1081A5AA291933A700666376 /* CalendarViewModel.swift in Sources */ = {isa = PBXBuildFile; fileRef = 1081A5A9291933A700666376 /* CalendarViewModel.swift */; };
		1081A5B0291A7A4800666376 /* Patterns.json in Resources */ = {isa = PBXBuildFile; fileRef = 1081A5AF291A7A4800666376 /* Patterns.json */; };
		1081A5B4291BDEE100666376 /* OnlineShopViewModel.swift in Sources */ = {isa = PBXBuildFile; fileRef = 1081A5B3291BDEE100666376 /* OnlineShopViewModel.swift */; };
		1081A5B6291BDF3600666376 /* OnlineShopView.swift in Sources */ = {isa = PBXBuildFile; fileRef = 1081A5B5291BDF3600666376 /* OnlineShopView.swift */; };
		108F13E329FAEEFF0037E0B0 /* Localizable.strings in Resources */ = {isa = PBXBuildFile; fileRef = 108F13E529FAEEFF0037E0B0 /* Localizable.strings */; };
		10A13E5929F4544600633D6F /* TaekwondoGPFTTests.swift in Sources */ = {isa = PBXBuildFile; fileRef = 10A13E5829F4544600633D6F /* TaekwondoGPFTTests.swift */; };
		10A13E6629F4546300633D6F /* TaekwondoGPFTUITests.swift in Sources */ = {isa = PBXBuildFile; fileRef = 10A13E6529F4546300633D6F /* TaekwondoGPFTUITests.swift */; };
		10A13E6829F4546300633D6F /* TaekwondoGPFTUITestsLaunchTests.swift in Sources */ = {isa = PBXBuildFile; fileRef = 10A13E6729F4546300633D6F /* TaekwondoGPFTUITestsLaunchTests.swift */; };
		10A13E7129F4663500633D6F /* CorruptedJSON.json in Resources */ = {isa = PBXBuildFile; fileRef = 10A13E7029F4663500633D6F /* CorruptedJSON.json */; };
		10A13E7329F5AA4200633D6F /* JSONLoader.swift in Sources */ = {isa = PBXBuildFile; fileRef = 10A13E7229F5AA4200633D6F /* JSONLoader.swift */; };
		10A13E7B29F7057E00633D6F /* JSONLoaderTests.swift in Sources */ = {isa = PBXBuildFile; fileRef = 10A13E7A29F7057E00633D6F /* JSONLoaderTests.swift */; };
		10CDA59228E4CF93000B4005 /* Assets.xcassets in Resources */ = {isa = PBXBuildFile; fileRef = 10CDA59128E4CF93000B4005 /* Assets.xcassets */; };
		10CDA5A428E4D1FE000B4005 /* TheoryViewModel.swift in Sources */ = {isa = PBXBuildFile; fileRef = 10CDA5A328E4D1FE000B4005 /* TheoryViewModel.swift */; };
		10CDA5A628E4D21F000B4005 /* EventsViewModel.swift in Sources */ = {isa = PBXBuildFile; fileRef = 10CDA5A528E4D21F000B4005 /* EventsViewModel.swift */; };
		10CDA5AA28E4D249000B4005 /* PatternsViewModel.swift in Sources */ = {isa = PBXBuildFile; fileRef = 10CDA5A928E4D249000B4005 /* PatternsViewModel.swift */; };
		10CDA5AC28E4D2EF000B4005 /* Patterns.swift in Sources */ = {isa = PBXBuildFile; fileRef = 10CDA5AB28E4D2EF000B4005 /* Patterns.swift */; };
		10CDA5AE28E4D2FD000B4005 /* Events.swift in Sources */ = {isa = PBXBuildFile; fileRef = 10CDA5AD28E4D2FD000B4005 /* Events.swift */; };
		10CDA5B028E4D309000B4005 /* Theory.swift in Sources */ = {isa = PBXBuildFile; fileRef = 10CDA5AF28E4D309000B4005 /* Theory.swift */; };
		10D821F229DAD2CF00B61924 /* Loader.swift in Sources */ = {isa = PBXBuildFile; fileRef = 10D821F129DAD2CF00B61924 /* Loader.swift */; };
		10D821F429DAE05500B61924 /* WebView.swift in Sources */ = {isa = PBXBuildFile; fileRef = 10D821F329DAE05500B61924 /* WebView.swift */; };
		10D821F629DAE99D00B61924 /* ProgressBar.swift in Sources */ = {isa = PBXBuildFile; fileRef = 10D821F529DAE99D00B61924 /* ProgressBar.swift */; };
		10DBBDBC29F8FE8E008AFF80 /* AppMonitoring.swift in Sources */ = {isa = PBXBuildFile; fileRef = 10DBBDBB29F8FE8E008AFF80 /* AppMonitoring.swift */; };
		AEAFAB0C29FA6ED500169C35 /* AbstractJsonPopulatedViewModel.swift in Sources */ = {isa = PBXBuildFile; fileRef = AEAFAB0B29FA6ED500169C35 /* AbstractJsonPopulatedViewModel.swift */; };
		AEAFAB0E29FA6F4700169C35 /* AnotherAbstractJsonPopulatedViewModel.swift in Sources */ = {isa = PBXBuildFile; fileRef = AEAFAB0D29FA6F4700169C35 /* AnotherAbstractJsonPopulatedViewModel.swift */; };
		AEAFAB1029FA6F5A00169C35 /* YetAnotherAbstractJsonPopulatedViewModel.swift in Sources */ = {isa = PBXBuildFile; fileRef = AEAFAB0F29FA6F5A00169C35 /* YetAnotherAbstractJsonPopulatedViewModel.swift */; };
/* End PBXBuildFile section */

/* Begin PBXBuildRule section */
		1062824529AD478B00EBBD3E /* PBXBuildRule */ = {
			isa = PBXBuildRule;
			compilerSpec = com.apple.compilers.proxy.script;
			fileType = file.rcproject;
			inputFiles = (
			);
			isEditable = 1;
			outputFiles = (
			);
			script = "# rctool\n";
		};
/* End PBXBuildRule section */

/* Begin PBXContainerItemProxy section */
		10A13E5A29F4544600633D6F /* PBXContainerItemProxy */ = {
			isa = PBXContainerItemProxy;
			containerPortal = 10CDA57D28E4CF92000B4005 /* Project object */;
			proxyType = 1;
			remoteGlobalIDString = 10CDA58428E4CF92000B4005;
			remoteInfo = TaekwondoGPFT;
		};
		10A13E6929F4546300633D6F /* PBXContainerItemProxy */ = {
			isa = PBXContainerItemProxy;
			containerPortal = 10CDA57D28E4CF92000B4005 /* Project object */;
			proxyType = 1;
			remoteGlobalIDString = 10CDA58428E4CF92000B4005;
			remoteInfo = TaekwondoGPFT;
		};
/* End PBXContainerItemProxy section */

/* Begin PBXFileReference section */
		100B976129AFDA3100D29ED7 /* Info.plist */ = {isa = PBXFileReference; fileEncoding = 4; lastKnownFileType = text.plist.xml; path = Info.plist; sourceTree = "<group>"; };
		100B976329AFDEB500D29ED7 /* Bundle - CodableExtension.swift */ = {isa = PBXFileReference; lastKnownFileType = sourcecode.swift; path = "Bundle - CodableExtension.swift"; sourceTree = "<group>"; };
		100B976629AFE0D100D29ED7 /* MapView.swift */ = {isa = PBXFileReference; lastKnownFileType = sourcecode.swift; path = MapView.swift; sourceTree = "<group>"; };
		100B976829AFE0E600D29ED7 /* TimerView.swift */ = {isa = PBXFileReference; lastKnownFileType = sourcecode.swift; path = TimerView.swift; sourceTree = "<group>"; };
		100B976A29AFE10A00D29ED7 /* GalleryView.swift */ = {isa = PBXFileReference; lastKnownFileType = sourcecode.swift; path = GalleryView.swift; sourceTree = "<group>"; };
		100B976C29AFE40600D29ED7 /* CreditsView.swift */ = {isa = PBXFileReference; fileEncoding = 4; lastKnownFileType = sourcecode.swift; path = CreditsView.swift; sourceTree = "<group>"; };
		100B976E29AFE50100D29ED7 /* MotionAnimationView.swift */ = {isa = PBXFileReference; fileEncoding = 4; lastKnownFileType = sourcecode.swift; path = MotionAnimationView.swift; sourceTree = "<group>"; };
		100B977129AFE99B00D29ED7 /* CustomButton.swift */ = {isa = PBXFileReference; lastKnownFileType = sourcecode.swift; path = CustomButton.swift; sourceTree = "<group>"; };
		100B977329B0B58400D29ED7 /* BlueCapsule.swift */ = {isa = PBXFileReference; lastKnownFileType = sourcecode.swift; path = BlueCapsule.swift; sourceTree = "<group>"; };
		100B977529B0BABD00D29ED7 /* TheoryView.swift */ = {isa = PBXFileReference; lastKnownFileType = sourcecode.swift; path = TheoryView.swift; sourceTree = "<group>"; };
		100B977729B0C07200D29ED7 /* PatternsView.swift */ = {isa = PBXFileReference; lastKnownFileType = sourcecode.swift; path = PatternsView.swift; sourceTree = "<group>"; };
		100B977929B1207300D29ED7 /* GrowingButton.swift */ = {isa = PBXFileReference; lastKnownFileType = sourcecode.swift; path = GrowingButton.swift; sourceTree = "<group>"; };
		100B977B29B1210C00D29ED7 /* BlueButton.swift */ = {isa = PBXFileReference; lastKnownFileType = sourcecode.swift; path = BlueButton.swift; sourceTree = "<group>"; };
		10283D202938C0F000250E2F /* Theory.json */ = {isa = PBXFileReference; fileEncoding = 4; lastKnownFileType = text.json; path = Theory.json; sourceTree = "<group>"; };
		10283D222938C28C00250E2F /* TheoryDetailView.swift */ = {isa = PBXFileReference; lastKnownFileType = sourcecode.swift; path = TheoryDetailView.swift; sourceTree = "<group>"; };
		10283D242938C36200250E2F /* TheoryDetailsViewModel.swift */ = {isa = PBXFileReference; lastKnownFileType = sourcecode.swift; path = TheoryDetailsViewModel.swift; sourceTree = "<group>"; };
		10392FE629C45B1600A7F76C /* Locations.json */ = {isa = PBXFileReference; lastKnownFileType = text.json; path = Locations.json; sourceTree = "<group>"; };
		10392FE829C45C6700A7F76C /* LocationModel.swift */ = {isa = PBXFileReference; lastKnownFileType = sourcecode.swift; path = LocationModel.swift; sourceTree = "<group>"; };
		10392FEC29C4600300A7F76C /* MapAnnotationView.swift */ = {isa = PBXFileReference; lastKnownFileType = sourcecode.swift; path = MapAnnotationView.swift; sourceTree = "<group>"; };
		10392FEE29C4618300A7F76C /* InsetMapView.swift */ = {isa = PBXFileReference; lastKnownFileType = sourcecode.swift; path = InsetMapView.swift; sourceTree = "<group>"; };
		104AE64B29D4B787000E0ED2 /* Gallery.json */ = {isa = PBXFileReference; lastKnownFileType = text.json; path = Gallery.json; sourceTree = "<group>"; };
		104AE64D29D4B877000E0ED2 /* GalleryModel.swift */ = {isa = PBXFileReference; lastKnownFileType = sourcecode.swift; path = GalleryModel.swift; sourceTree = "<group>"; };
		104AE64F29D4B96A000E0ED2 /* GalleryGridItemView.swift */ = {isa = PBXFileReference; lastKnownFileType = sourcecode.swift; path = GalleryGridItemView.swift; sourceTree = "<group>"; };
		104AE65129D4BC20000E0ED2 /* InsetGalleryView.swift */ = {isa = PBXFileReference; lastKnownFileType = sourcecode.swift; path = InsetGalleryView.swift; sourceTree = "<group>"; };
		10599D47292584EC005E42F0 /* WKWebKit - URLLoader.swift */ = {isa = PBXFileReference; lastKnownFileType = sourcecode.swift; path = "WKWebKit - URLLoader.swift"; sourceTree = "<group>"; };
		10599D4929258F72005E42F0 /* OnlineShop.swift */ = {isa = PBXFileReference; lastKnownFileType = sourcecode.swift; path = OnlineShop.swift; sourceTree = "<group>"; };
		10599D4B29258F85005E42F0 /* Calendar.swift */ = {isa = PBXFileReference; lastKnownFileType = sourcecode.swift; path = Calendar.swift; sourceTree = "<group>"; };
		10599D9C292BA26F005E42F0 /* PatternsDetailView.swift */ = {isa = PBXFileReference; lastKnownFileType = sourcecode.swift; path = PatternsDetailView.swift; sourceTree = "<group>"; wrapsLines = 1; };
		10599D9E292BB23E005E42F0 /* PatternsDetailsViewModel.swift */ = {isa = PBXFileReference; lastKnownFileType = sourcecode.swift; path = PatternsDetailsViewModel.swift; sourceTree = "<group>"; };
		1059C0922A0AD1060011855D /* QuickAction.swift */ = {isa = PBXFileReference; lastKnownFileType = sourcecode.swift; path = QuickAction.swift; sourceTree = "<group>"; };
		1062826129AD4A1B00EBBD3E /* TaekwondoGPFTApp.swift */ = {isa = PBXFileReference; lastKnownFileType = sourcecode.swift; path = TaekwondoGPFTApp.swift; sourceTree = "<group>"; };
		1062826329AD4A7500EBBD3E /* ContentView.swift */ = {isa = PBXFileReference; lastKnownFileType = sourcecode.swift; path = ContentView.swift; sourceTree = "<group>"; };
		1062826529AD4AC500EBBD3E /* MainScreen.swift */ = {isa = PBXFileReference; lastKnownFileType = sourcecode.swift; path = MainScreen.swift; sourceTree = "<group>"; };
		107F9DA329B4BC8E00C0C25F /* PatternRow.swift */ = {isa = PBXFileReference; lastKnownFileType = sourcecode.swift; path = PatternRow.swift; sourceTree = "<group>"; };
		107F9DA529B4EA5500C0C25F /* TheoryRow.swift */ = {isa = PBXFileReference; lastKnownFileType = sourcecode.swift; path = TheoryRow.swift; sourceTree = "<group>"; };
		107F9DB229B5E45200C0C25F /* VideoPlayerService.swift */ = {isa = PBXFileReference; lastKnownFileType = sourcecode.swift; path = VideoPlayerService.swift; sourceTree = "<group>"; };
		107F9DB529B5E4AA00C0C25F /* Chon-gi.mp4 */ = {isa = PBXFileReference; lastKnownFileType = file; path = "Chon-gi.mp4"; sourceTree = "<group>"; };
		107F9DB729B5EC6100C0C25F /* VideoPlayerView.swift */ = {isa = PBXFileReference; lastKnownFileType = sourcecode.swift; path = VideoPlayerView.swift; sourceTree = "<group>"; };
		1081A5A52919219000666376 /* CalendarView.swift */ = {isa = PBXFileReference; lastKnownFileType = sourcecode.swift; path = CalendarView.swift; sourceTree = "<group>"; };
		1081A5A9291933A700666376 /* CalendarViewModel.swift */ = {isa = PBXFileReference; lastKnownFileType = sourcecode.swift; path = CalendarViewModel.swift; sourceTree = "<group>"; };
		1081A5AF291A7A4800666376 /* Patterns.json */ = {isa = PBXFileReference; fileEncoding = 4; lastKnownFileType = text.json; path = Patterns.json; sourceTree = "<group>"; };
		1081A5B3291BDEE100666376 /* OnlineShopViewModel.swift */ = {isa = PBXFileReference; lastKnownFileType = sourcecode.swift; path = OnlineShopViewModel.swift; sourceTree = "<group>"; };
		1081A5B5291BDF3600666376 /* OnlineShopView.swift */ = {isa = PBXFileReference; lastKnownFileType = sourcecode.swift; path = OnlineShopView.swift; sourceTree = "<group>"; };
		108F13E429FAEEFF0037E0B0 /* pl */ = {isa = PBXFileReference; lastKnownFileType = text.plist.strings; name = pl; path = pl.lproj/Localizable.strings; sourceTree = "<group>"; };
		108F13E629FAEF310037E0B0 /* en */ = {isa = PBXFileReference; lastKnownFileType = text.plist.strings; name = en; path = en.lproj/Localizable.strings; sourceTree = "<group>"; };
		108F13E729FAEF3D0037E0B0 /* es */ = {isa = PBXFileReference; lastKnownFileType = text.plist.strings; name = es; path = es.lproj/Localizable.strings; sourceTree = "<group>"; };
		10A13E5629F4544600633D6F /* TaekwondoGPFTTests.xctest */ = {isa = PBXFileReference; explicitFileType = wrapper.cfbundle; includeInIndex = 0; path = TaekwondoGPFTTests.xctest; sourceTree = BUILT_PRODUCTS_DIR; };
		10A13E5829F4544600633D6F /* TaekwondoGPFTTests.swift */ = {isa = PBXFileReference; lastKnownFileType = sourcecode.swift; path = TaekwondoGPFTTests.swift; sourceTree = "<group>"; };
		10A13E6329F4546300633D6F /* TaekwondoGPFTUITests.xctest */ = {isa = PBXFileReference; explicitFileType = wrapper.cfbundle; includeInIndex = 0; path = TaekwondoGPFTUITests.xctest; sourceTree = BUILT_PRODUCTS_DIR; };
		10A13E6529F4546300633D6F /* TaekwondoGPFTUITests.swift */ = {isa = PBXFileReference; lastKnownFileType = sourcecode.swift; path = TaekwondoGPFTUITests.swift; sourceTree = "<group>"; };
		10A13E6729F4546300633D6F /* TaekwondoGPFTUITestsLaunchTests.swift */ = {isa = PBXFileReference; lastKnownFileType = sourcecode.swift; path = TaekwondoGPFTUITestsLaunchTests.swift; sourceTree = "<group>"; };
		10A13E7029F4663500633D6F /* CorruptedJSON.json */ = {isa = PBXFileReference; lastKnownFileType = text.json; path = CorruptedJSON.json; sourceTree = "<group>"; };
		10A13E7229F5AA4200633D6F /* JSONLoader.swift */ = {isa = PBXFileReference; lastKnownFileType = sourcecode.swift; path = JSONLoader.swift; sourceTree = "<group>"; };
		10A13E7A29F7057E00633D6F /* JSONLoaderTests.swift */ = {isa = PBXFileReference; lastKnownFileType = sourcecode.swift; path = JSONLoaderTests.swift; sourceTree = "<group>"; };
		10CDA58528E4CF92000B4005 /* TaekwondoGPFT.app */ = {isa = PBXFileReference; explicitFileType = wrapper.application; includeInIndex = 0; path = TaekwondoGPFT.app; sourceTree = BUILT_PRODUCTS_DIR; };
		10CDA59128E4CF93000B4005 /* Assets.xcassets */ = {isa = PBXFileReference; lastKnownFileType = folder.assetcatalog; path = Assets.xcassets; sourceTree = "<group>"; };
		10CDA5A328E4D1FE000B4005 /* TheoryViewModel.swift */ = {isa = PBXFileReference; lastKnownFileType = sourcecode.swift; path = TheoryViewModel.swift; sourceTree = "<group>"; };
		10CDA5A528E4D21F000B4005 /* EventsViewModel.swift */ = {isa = PBXFileReference; lastKnownFileType = sourcecode.swift; path = EventsViewModel.swift; sourceTree = "<group>"; };
		10CDA5A928E4D249000B4005 /* PatternsViewModel.swift */ = {isa = PBXFileReference; lastKnownFileType = sourcecode.swift; path = PatternsViewModel.swift; sourceTree = "<group>"; };
		10CDA5AB28E4D2EF000B4005 /* Patterns.swift */ = {isa = PBXFileReference; lastKnownFileType = sourcecode.swift; path = Patterns.swift; sourceTree = "<group>"; };
		10CDA5AD28E4D2FD000B4005 /* Events.swift */ = {isa = PBXFileReference; lastKnownFileType = sourcecode.swift; path = Events.swift; sourceTree = "<group>"; };
		10CDA5AF28E4D309000B4005 /* Theory.swift */ = {isa = PBXFileReference; lastKnownFileType = sourcecode.swift; path = Theory.swift; sourceTree = "<group>"; };
		10D821F129DAD2CF00B61924 /* Loader.swift */ = {isa = PBXFileReference; lastKnownFileType = sourcecode.swift; path = Loader.swift; sourceTree = "<group>"; };
		10D821F329DAE05500B61924 /* WebView.swift */ = {isa = PBXFileReference; lastKnownFileType = sourcecode.swift; path = WebView.swift; sourceTree = "<group>"; };
		10D821F529DAE99D00B61924 /* ProgressBar.swift */ = {isa = PBXFileReference; lastKnownFileType = sourcecode.swift; path = ProgressBar.swift; sourceTree = "<group>"; };
		10DBBDBB29F8FE8E008AFF80 /* AppMonitoring.swift */ = {isa = PBXFileReference; lastKnownFileType = sourcecode.swift; path = AppMonitoring.swift; sourceTree = "<group>"; };
		10DBBDBD29F9043B008AFF80 /* TaekwondoGPFT.entitlements */ = {isa = PBXFileReference; lastKnownFileType = text.plist.entitlements; path = TaekwondoGPFT.entitlements; sourceTree = "<group>"; };
		AEAFAB0B29FA6ED500169C35 /* AbstractJsonPopulatedViewModel.swift */ = {isa = PBXFileReference; lastKnownFileType = sourcecode.swift; path = AbstractJsonPopulatedViewModel.swift; sourceTree = "<group>"; };
		AEAFAB0D29FA6F4700169C35 /* AnotherAbstractJsonPopulatedViewModel.swift */ = {isa = PBXFileReference; lastKnownFileType = sourcecode.swift; path = AnotherAbstractJsonPopulatedViewModel.swift; sourceTree = "<group>"; };
		AEAFAB0F29FA6F5A00169C35 /* YetAnotherAbstractJsonPopulatedViewModel.swift */ = {isa = PBXFileReference; lastKnownFileType = sourcecode.swift; path = YetAnotherAbstractJsonPopulatedViewModel.swift; sourceTree = "<group>"; };
/* End PBXFileReference section */

/* Begin PBXFrameworksBuildPhase section */
		10A13E5329F4544600633D6F /* Frameworks */ = {
			isa = PBXFrameworksBuildPhase;
			buildActionMask = 2147483647;
			files = (
			);
			runOnlyForDeploymentPostprocessing = 0;
		};
		10A13E6029F4546300633D6F /* Frameworks */ = {
			isa = PBXFrameworksBuildPhase;
			buildActionMask = 2147483647;
			files = (
			);
			runOnlyForDeploymentPostprocessing = 0;
		};
		10CDA58228E4CF92000B4005 /* Frameworks */ = {
			isa = PBXFrameworksBuildPhase;
			buildActionMask = 2147483647;
			files = (
			);
			runOnlyForDeploymentPostprocessing = 0;
		};
/* End PBXFrameworksBuildPhase section */

/* Begin PBXGroup section */
		100B976529AFE0C100D29ED7 /* App */ = {
			isa = PBXGroup;
			children = (
				1062826129AD4A1B00EBBD3E /* TaekwondoGPFTApp.swift */,
				1062826329AD4A7500EBBD3E /* ContentView.swift */,
				100B976629AFE0D100D29ED7 /* MapView.swift */,
				100B976829AFE0E600D29ED7 /* TimerView.swift */,
				100B976A29AFE10A00D29ED7 /* GalleryView.swift */,
				107F9DA329B4BC8E00C0C25F /* PatternRow.swift */,
				107F9DA529B4EA5500C0C25F /* TheoryRow.swift */,
			);
			path = App;
			sourceTree = "<group>";
		};
		100B977029AFE98100D29ED7 /* Supporting Files */ = {
			isa = PBXGroup;
			children = (
				10DBBDBB29F8FE8E008AFF80 /* AppMonitoring.swift */,
				1059C0922A0AD1060011855D /* QuickAction.swift */,
			);
			path = "Supporting Files";
			sourceTree = "<group>";
		};
		10392FF029C4A09600A7F76C /* Services */ = {
			isa = PBXGroup;
			children = (
				107F9DB229B5E45200C0C25F /* VideoPlayerService.swift */,
			);
			path = Services;
			sourceTree = "<group>";
		};
		10392FF129C8582500A7F76C /* Home */ = {
			isa = PBXGroup;
			children = (
				10392FEE29C4618300A7F76C /* InsetMapView.swift */,
				1062826529AD4AC500EBBD3E /* MainScreen.swift */,
				100B977729B0C07200D29ED7 /* PatternsView.swift */,
				100B976C29AFE40600D29ED7 /* CreditsView.swift */,
				100B977529B0BABD00D29ED7 /* TheoryView.swift */,
				1081A5B5291BDF3600666376 /* OnlineShopView.swift */,
				107F9DB729B5EC6100C0C25F /* VideoPlayerView.swift */,
				104AE65129D4BC20000E0ED2 /* InsetGalleryView.swift */,
				10D821F329DAE05500B61924 /* WebView.swift */,
			);
			path = Home;
			sourceTree = "<group>";
		};
		10392FF229C8583000A7F76C /* Detail */ = {
			isa = PBXGroup;
			children = (
				10599D9C292BA26F005E42F0 /* PatternsDetailView.swift */,
				10283D222938C28C00250E2F /* TheoryDetailView.swift */,
				1081A5A52919219000666376 /* CalendarView.swift */,
			);
			path = Detail;
			sourceTree = "<group>";
		};
		10392FF329C8587A00A7F76C /* CustomObjects */ = {
			isa = PBXGroup;
			children = (
				10392FEC29C4600300A7F76C /* MapAnnotationView.swift */,
				100B976E29AFE50100D29ED7 /* MotionAnimationView.swift */,
				100B977B29B1210C00D29ED7 /* BlueButton.swift */,
				10D821F129DAD2CF00B61924 /* Loader.swift */,
				100B977129AFE99B00D29ED7 /* CustomButton.swift */,
				100B977929B1207300D29ED7 /* GrowingButton.swift */,
				104AE64F29D4B96A000E0ED2 /* GalleryGridItemView.swift */,
				10D821F529DAE99D00B61924 /* ProgressBar.swift */,
			);
			path = CustomObjects;
			sourceTree = "<group>";
		};
		1062824629AD495000EBBD3E /* Data */ = {
			isa = PBXGroup;
			children = (
				104AE64B29D4B787000E0ED2 /* Gallery.json */,
				10392FE629C45B1600A7F76C /* Locations.json */,
				1081A5AF291A7A4800666376 /* Patterns.json */,
				10283D202938C0F000250E2F /* Theory.json */,
				10A13E7029F4663500633D6F /* CorruptedJSON.json */,
			);
			path = Data;
			sourceTree = "<group>";
		};
		107F9DB429B5E49400C0C25F /* Videos */ = {
			isa = PBXGroup;
			children = (
				107F9DB529B5E4AA00C0C25F /* Chon-gi.mp4 */,
			);
			path = Videos;
			sourceTree = "<group>";
		};
		10A13E5729F4544600633D6F /* TaekwondoGPFTTests */ = {
			isa = PBXGroup;
			children = (
				10A13E5829F4544600633D6F /* TaekwondoGPFTTests.swift */,
				10A13E7A29F7057E00633D6F /* JSONLoaderTests.swift */,
			);
			path = TaekwondoGPFTTests;
			sourceTree = "<group>";
		};
		10A13E6429F4546300633D6F /* TaekwondoGPFTUITests */ = {
			isa = PBXGroup;
			children = (
				10A13E6529F4546300633D6F /* TaekwondoGPFTUITests.swift */,
				10A13E6729F4546300633D6F /* TaekwondoGPFTUITestsLaunchTests.swift */,
			);
			path = TaekwondoGPFTUITests;
			sourceTree = "<group>";
		};
		10CDA57C28E4CF92000B4005 = {
			isa = PBXGroup;
			children = (
				10CDA58728E4CF92000B4005 /* TaekwondoGPFT */,
				10A13E5729F4544600633D6F /* TaekwondoGPFTTests */,
				10A13E6429F4546300633D6F /* TaekwondoGPFTUITests */,
				10CDA58628E4CF92000B4005 /* Products */,
			);
			sourceTree = "<group>";
		};
		10CDA58628E4CF92000B4005 /* Products */ = {
			isa = PBXGroup;
			children = (
				10CDA58528E4CF92000B4005 /* TaekwondoGPFT.app */,
				10A13E5629F4544600633D6F /* TaekwondoGPFTTests.xctest */,
				10A13E6329F4546300633D6F /* TaekwondoGPFTUITests.xctest */,
			);
			name = Products;
			sourceTree = "<group>";
		};
		10CDA58728E4CF92000B4005 /* TaekwondoGPFT */ = {
			isa = PBXGroup;
			children = (
				10DBBDBD29F9043B008AFF80 /* TaekwondoGPFT.entitlements */,
				100B976529AFE0C100D29ED7 /* App */,
				1062824629AD495000EBBD3E /* Data */,
				10CDA59E28E4D159000B4005 /* ViewModels */,
				10CDA5A028E4D195000B4005 /* Views */,
				107F9DB429B5E49400C0C25F /* Videos */,
				10392FF029C4A09600A7F76C /* Services */,
				100B977029AFE98100D29ED7 /* Supporting Files */,
				10DBBDC429FAB341008AFF80 /* Resources */,
				10CDA59C28E4D0C6000B4005 /* Extenions */,
				10CDA59128E4CF93000B4005 /* Assets.xcassets */,
				100B976129AFDA3100D29ED7 /* Info.plist */,
			);
			path = TaekwondoGPFT;
			sourceTree = "<group>";
		};
		10CDA59C28E4D0C6000B4005 /* Extenions */ = {
			isa = PBXGroup;
			children = (
				100B976329AFDEB500D29ED7 /* Bundle - CodableExtension.swift */,
				10599D47292584EC005E42F0 /* WKWebKit - URLLoader.swift */,
				100B977329B0B58400D29ED7 /* BlueCapsule.swift */,
				10A13E7229F5AA4200633D6F /* JSONLoader.swift */,
			);
			path = Extenions;
			sourceTree = "<group>";
		};
		10CDA59E28E4D159000B4005 /* ViewModels */ = {
			isa = PBXGroup;
			children = (
				AEAFAB0A29FA6EBE00169C35 /* Generics */,
				10CDA5A328E4D1FE000B4005 /* TheoryViewModel.swift */,
				10283D242938C36200250E2F /* TheoryDetailsViewModel.swift */,
				10CDA5A928E4D249000B4005 /* PatternsViewModel.swift */,
				10599D9E292BB23E005E42F0 /* PatternsDetailsViewModel.swift */,
				1081A5A9291933A700666376 /* CalendarViewModel.swift */,
				10CDA5A528E4D21F000B4005 /* EventsViewModel.swift */,
				1081A5B3291BDEE100666376 /* OnlineShopViewModel.swift */,
				10CDA59F28E4D163000B4005 /* Models */,
			);
			path = ViewModels;
			sourceTree = "<group>";
		};
		10CDA59F28E4D163000B4005 /* Models */ = {
			isa = PBXGroup;
			children = (
				10CDA5AB28E4D2EF000B4005 /* Patterns.swift */,
				10CDA5AD28E4D2FD000B4005 /* Events.swift */,
				10CDA5AF28E4D309000B4005 /* Theory.swift */,
				10599D4B29258F85005E42F0 /* Calendar.swift */,
				10599D4929258F72005E42F0 /* OnlineShop.swift */,
				10392FE829C45C6700A7F76C /* LocationModel.swift */,
				104AE64D29D4B877000E0ED2 /* GalleryModel.swift */,
			);
			path = Models;
			sourceTree = "<group>";
		};
		10CDA5A028E4D195000B4005 /* Views */ = {
			isa = PBXGroup;
			children = (
				10392FF129C8582500A7F76C /* Home */,
				10392FF229C8583000A7F76C /* Detail */,
				10392FF329C8587A00A7F76C /* CustomObjects */,
			);
			path = Views;
			sourceTree = "<group>";
		};
		10DBBDC429FAB341008AFF80 /* Resources */ = {
			isa = PBXGroup;
			children = (
				108F13E529FAEEFF0037E0B0 /* Localizable.strings */,
			);
			path = Resources;
			sourceTree = "<group>";
		};
		AEAFAB0A29FA6EBE00169C35 /* Generics */ = {
			isa = PBXGroup;
			children = (
				AEAFAB0B29FA6ED500169C35 /* AbstractJsonPopulatedViewModel.swift */,
				AEAFAB0D29FA6F4700169C35 /* AnotherAbstractJsonPopulatedViewModel.swift */,
				AEAFAB0F29FA6F5A00169C35 /* YetAnotherAbstractJsonPopulatedViewModel.swift */,
			);
			path = Generics;
			sourceTree = "<group>";
		};
/* End PBXGroup section */

/* Begin PBXNativeTarget section */
		10A13E5529F4544600633D6F /* TaekwondoGPFTTests */ = {
			isa = PBXNativeTarget;
			buildConfigurationList = 10A13E5C29F4544700633D6F /* Build configuration list for PBXNativeTarget "TaekwondoGPFTTests" */;
			buildPhases = (
				10A13E5229F4544600633D6F /* Sources */,
				10A13E5329F4544600633D6F /* Frameworks */,
				10A13E5429F4544600633D6F /* Resources */,
			);
			buildRules = (
			);
			dependencies = (
				10A13E5B29F4544600633D6F /* PBXTargetDependency */,
			);
			name = TaekwondoGPFTTests;
			productName = TaekwondoGPFTTests;
			productReference = 10A13E5629F4544600633D6F /* TaekwondoGPFTTests.xctest */;
			productType = "com.apple.product-type.bundle.unit-test";
		};
		10A13E6229F4546300633D6F /* TaekwondoGPFTUITests */ = {
			isa = PBXNativeTarget;
			buildConfigurationList = 10A13E6B29F4546300633D6F /* Build configuration list for PBXNativeTarget "TaekwondoGPFTUITests" */;
			buildPhases = (
				10A13E5F29F4546300633D6F /* Sources */,
				10A13E6029F4546300633D6F /* Frameworks */,
				10A13E6129F4546300633D6F /* Resources */,
			);
			buildRules = (
			);
			dependencies = (
				10A13E6A29F4546300633D6F /* PBXTargetDependency */,
			);
			name = TaekwondoGPFTUITests;
			productName = TaekwondoGPFTUITests;
			productReference = 10A13E6329F4546300633D6F /* TaekwondoGPFTUITests.xctest */;
			productType = "com.apple.product-type.bundle.ui-testing";
		};
		10CDA58428E4CF92000B4005 /* TaekwondoGPFT */ = {
			isa = PBXNativeTarget;
			buildConfigurationList = 10CDA59928E4CF93000B4005 /* Build configuration list for PBXNativeTarget "TaekwondoGPFT" */;
			buildPhases = (
				10CDA58128E4CF92000B4005 /* Sources */,
				10CDA58228E4CF92000B4005 /* Frameworks */,
				10CDA58328E4CF92000B4005 /* Resources */,
				959259BE29FA4CC8007CEFD9 /* swiftformat */,
				95610ECE29FA629300DE04BD /* swiftlint */,
			);
			buildRules = (
				1062824529AD478B00EBBD3E /* PBXBuildRule */,
			);
			dependencies = (
			);
			name = TaekwondoGPFT;
			productName = TaekwondoGPFTUiKit;
			productReference = 10CDA58528E4CF92000B4005 /* TaekwondoGPFT.app */;
			productType = "com.apple.product-type.application";
		};
/* End PBXNativeTarget section */

/* Begin PBXProject section */
		10CDA57D28E4CF92000B4005 /* Project object */ = {
			isa = PBXProject;
			attributes = {
				BuildIndependentTargetsInParallel = 1;
				LastSwiftUpdateCheck = 1430;
				LastUpgradeCheck = 1400;
				TargetAttributes = {
					10A13E5529F4544600633D6F = {
						CreatedOnToolsVersion = 14.3;
						TestTargetID = 10CDA58428E4CF92000B4005;
					};
					10A13E6229F4546300633D6F = {
						CreatedOnToolsVersion = 14.3;
						TestTargetID = 10CDA58428E4CF92000B4005;
					};
					10CDA58428E4CF92000B4005 = {
						CreatedOnToolsVersion = 14.0;
					};
				};
			};
			buildConfigurationList = 10CDA58028E4CF92000B4005 /* Build configuration list for PBXProject "TaekwondoGPFT" */;
			compatibilityVersion = "Xcode 14.0";
			developmentRegion = pl;
			hasScannedForEncodings = 0;
			knownRegions = (
				Base,
				pl,
				en,
				es,
			);
			mainGroup = 10CDA57C28E4CF92000B4005;
			productRefGroup = 10CDA58628E4CF92000B4005 /* Products */;
			projectDirPath = "";
			projectRoot = "";
			targets = (
				10CDA58428E4CF92000B4005 /* TaekwondoGPFT */,
				10A13E5529F4544600633D6F /* TaekwondoGPFTTests */,
				10A13E6229F4546300633D6F /* TaekwondoGPFTUITests */,
			);
		};
/* End PBXProject section */

/* Begin PBXResourcesBuildPhase section */
		10A13E5429F4544600633D6F /* Resources */ = {
			isa = PBXResourcesBuildPhase;
			buildActionMask = 2147483647;
			files = (
			);
			runOnlyForDeploymentPostprocessing = 0;
		};
		10A13E6129F4546300633D6F /* Resources */ = {
			isa = PBXResourcesBuildPhase;
			buildActionMask = 2147483647;
			files = (
			);
			runOnlyForDeploymentPostprocessing = 0;
		};
		10CDA58328E4CF92000B4005 /* Resources */ = {
			isa = PBXResourcesBuildPhase;
			buildActionMask = 2147483647;
			files = (
				1081A5B0291A7A4800666376 /* Patterns.json in Resources */,
				10283D212938C0F000250E2F /* Theory.json in Resources */,
				10A13E7129F4663500633D6F /* CorruptedJSON.json in Resources */,
				104AE64C29D4B787000E0ED2 /* Gallery.json in Resources */,
				10CDA59228E4CF93000B4005 /* Assets.xcassets in Resources */,
				108F13E329FAEEFF0037E0B0 /* Localizable.strings in Resources */,
				107F9DB629B5E4AA00C0C25F /* Chon-gi.mp4 in Resources */,
				10392FE729C45B1600A7F76C /* Locations.json in Resources */,
			);
			runOnlyForDeploymentPostprocessing = 0;
		};
/* End PBXResourcesBuildPhase section */

/* Begin PBXShellScriptBuildPhase section */
		95610ECE29FA629300DE04BD /* swiftlint */ = {
			isa = PBXShellScriptBuildPhase;
			buildActionMask = 2147483647;
			files = (
			);
			inputFileListPaths = (
			);
			inputPaths = (
			);
			name = swiftlint;
			outputFileListPaths = (
			);
			outputPaths = (
			);
			runOnlyForDeploymentPostprocessing = 0;
			shellPath = /bin/sh;
			shellScript = "if which swiftlint >/dev/null; then\n    swiftlint\nelse \n    echo \"warning: SwiftLint not installed, download from https: //github.com/realm/SwiftLint\"\nfi\n";
		};
		959259BE29FA4CC8007CEFD9 /* swiftformat */ = {
			isa = PBXShellScriptBuildPhase;
			buildActionMask = 2147483647;
			files = (
			);
			inputFileListPaths = (
			);
			inputPaths = (
			);
			name = swiftformat;
			outputFileListPaths = (
			);
			outputPaths = (
			);
			runOnlyForDeploymentPostprocessing = 0;
			shellPath = /bin/sh;
			shellScript = "if which swiftformat >/dev/null; then\n  swiftformat . --config \"$SRCROOT/config.swiftformat\"\nelse\n  echo \"warning: SwiftFormat not installed, download from https://github.com/nicklockwood/SwiftFormat\"\nfi\n";
		};
/* End PBXShellScriptBuildPhase section */

/* Begin PBXSourcesBuildPhase section */
		10A13E5229F4544600633D6F /* Sources */ = {
			isa = PBXSourcesBuildPhase;
			buildActionMask = 2147483647;
			files = (
				10A13E7B29F7057E00633D6F /* JSONLoaderTests.swift in Sources */,
				10A13E5929F4544600633D6F /* TaekwondoGPFTTests.swift in Sources */,
			);
			runOnlyForDeploymentPostprocessing = 0;
		};
		10A13E5F29F4546300633D6F /* Sources */ = {
			isa = PBXSourcesBuildPhase;
			buildActionMask = 2147483647;
			files = (
				10A13E6829F4546300633D6F /* TaekwondoGPFTUITestsLaunchTests.swift in Sources */,
				10A13E6629F4546300633D6F /* TaekwondoGPFTUITests.swift in Sources */,
			);
			runOnlyForDeploymentPostprocessing = 0;
		};
		10CDA58128E4CF92000B4005 /* Sources */ = {
			isa = PBXSourcesBuildPhase;
			buildActionMask = 2147483647;
			files = (
				100B976D29AFE40600D29ED7 /* CreditsView.swift in Sources */,
				100B977429B0B58400D29ED7 /* BlueCapsule.swift in Sources */,
				100B977A29B1207300D29ED7 /* GrowingButton.swift in Sources */,
				10DBBDBC29F8FE8E008AFF80 /* AppMonitoring.swift in Sources */,
				10392FE929C45C6700A7F76C /* LocationModel.swift in Sources */,
				10599D9F292BB23E005E42F0 /* PatternsDetailsViewModel.swift in Sources */,
				1062826429AD4A7500EBBD3E /* ContentView.swift in Sources */,
				100B976429AFDEB500D29ED7 /* Bundle - CodableExtension.swift in Sources */,
				10CDA5A628E4D21F000B4005 /* EventsViewModel.swift in Sources */,
				100B976F29AFE50100D29ED7 /* MotionAnimationView.swift in Sources */,
				1081A5B4291BDEE100666376 /* OnlineShopViewModel.swift in Sources */,
				10599D9D292BA26F005E42F0 /* PatternsDetailView.swift in Sources */,
				104AE65229D4BC20000E0ED2 /* InsetGalleryView.swift in Sources */,
				10CDA5AA28E4D249000B4005 /* PatternsViewModel.swift in Sources */,
				10D821F629DAE99D00B61924 /* ProgressBar.swift in Sources */,
				107F9DA629B4EA5500C0C25F /* TheoryRow.swift in Sources */,
				107F9DA429B4BC8E00C0C25F /* PatternRow.swift in Sources */,
				104AE64E29D4B877000E0ED2 /* GalleryModel.swift in Sources */,
				10599D4A29258F72005E42F0 /* OnlineShop.swift in Sources */,
				10283D252938C36200250E2F /* TheoryDetailsViewModel.swift in Sources */,
				1081A5B6291BDF3600666376 /* OnlineShopView.swift in Sources */,
				10283D232938C28C00250E2F /* TheoryDetailView.swift in Sources */,
				10392FED29C4600300A7F76C /* MapAnnotationView.swift in Sources */,
				10D821F429DAE05500B61924 /* WebView.swift in Sources */,
				100B977C29B1210C00D29ED7 /* BlueButton.swift in Sources */,
				10599D48292584EC005E42F0 /* WKWebKit - URLLoader.swift in Sources */,
				1081A5A62919219000666376 /* CalendarView.swift in Sources */,
				10CDA5AE28E4D2FD000B4005 /* Events.swift in Sources */,
				10392FEF29C4618300A7F76C /* InsetMapView.swift in Sources */,
				107F9DB329B5E45200C0C25F /* VideoPlayerService.swift in Sources */,
				10599D4C29258F85005E42F0 /* Calendar.swift in Sources */,
				107F9DB829B5EC6100C0C25F /* VideoPlayerView.swift in Sources */,
				AEAFAB0E29FA6F4700169C35 /* AnotherAbstractJsonPopulatedViewModel.swift in Sources */,
				100B976B29AFE10A00D29ED7 /* GalleryView.swift in Sources */,
				1062826629AD4AC500EBBD3E /* MainScreen.swift in Sources */,
				1059C0932A0AD1060011855D /* QuickAction.swift in Sources */,
				100B976729AFE0D100D29ED7 /* MapView.swift in Sources */,
				1081A5AA291933A700666376 /* CalendarViewModel.swift in Sources */,
				100B976929AFE0E600D29ED7 /* TimerView.swift in Sources */,
				10A13E7329F5AA4200633D6F /* JSONLoader.swift in Sources */,
				100B977829B0C07200D29ED7 /* PatternsView.swift in Sources */,
				AEAFAB0C29FA6ED500169C35 /* AbstractJsonPopulatedViewModel.swift in Sources */,
				10CDA5B028E4D309000B4005 /* Theory.swift in Sources */,
				104AE65029D4B96A000E0ED2 /* GalleryGridItemView.swift in Sources */,
				100B977629B0BABD00D29ED7 /* TheoryView.swift in Sources */,
				100B977229AFE99B00D29ED7 /* CustomButton.swift in Sources */,
				10CDA5A428E4D1FE000B4005 /* TheoryViewModel.swift in Sources */,
				1062826229AD4A1B00EBBD3E /* TaekwondoGPFTApp.swift in Sources */,
				10CDA5AC28E4D2EF000B4005 /* Patterns.swift in Sources */,
				AEAFAB1029FA6F5A00169C35 /* YetAnotherAbstractJsonPopulatedViewModel.swift in Sources */,
				10D821F229DAD2CF00B61924 /* Loader.swift in Sources */,
			);
			runOnlyForDeploymentPostprocessing = 0;
		};
/* End PBXSourcesBuildPhase section */

/* Begin PBXTargetDependency section */
		10A13E5B29F4544600633D6F /* PBXTargetDependency */ = {
			isa = PBXTargetDependency;
			target = 10CDA58428E4CF92000B4005 /* TaekwondoGPFT */;
			targetProxy = 10A13E5A29F4544600633D6F /* PBXContainerItemProxy */;
		};
		10A13E6A29F4546300633D6F /* PBXTargetDependency */ = {
			isa = PBXTargetDependency;
			target = 10CDA58428E4CF92000B4005 /* TaekwondoGPFT */;
			targetProxy = 10A13E6929F4546300633D6F /* PBXContainerItemProxy */;
		};
/* End PBXTargetDependency section */

/* Begin PBXVariantGroup section */
		108F13E529FAEEFF0037E0B0 /* Localizable.strings */ = {
			isa = PBXVariantGroup;
			children = (
				108F13E429FAEEFF0037E0B0 /* pl */,
				108F13E629FAEF310037E0B0 /* en */,
				108F13E729FAEF3D0037E0B0 /* es */,
			);
			name = Localizable.strings;
			sourceTree = "<group>";
		};
/* End PBXVariantGroup section */

/* Begin XCBuildConfiguration section */
		10A13E5D29F4544700633D6F /* Debug */ = {
			isa = XCBuildConfiguration;
			buildSettings = {
				BUNDLE_LOADER = "$(TEST_HOST)";
				CODE_SIGN_STYLE = Automatic;
				CURRENT_PROJECT_VERSION = 1;
				DEVELOPMENT_TEAM = 4MD5T682WB;
				GENERATE_INFOPLIST_FILE = YES;
				IPHONEOS_DEPLOYMENT_TARGET = 16.4;
				MARKETING_VERSION = 1.0;
				PRODUCT_BUNDLE_IDENTIFIER = pl.rgkonsulting.TaekwondoGPFTTests;
				PRODUCT_NAME = "$(TARGET_NAME)";
				SWIFT_EMIT_LOC_STRINGS = NO;
				SWIFT_VERSION = 5.0;
				TARGETED_DEVICE_FAMILY = "1,2";
				TEST_HOST = "$(BUILT_PRODUCTS_DIR)/TaekwondoGPFT.app/$(BUNDLE_EXECUTABLE_FOLDER_PATH)/TaekwondoGPFT";
			};
			name = Debug;
		};
		10A13E5E29F4544700633D6F /* Release */ = {
			isa = XCBuildConfiguration;
			buildSettings = {
				BUNDLE_LOADER = "$(TEST_HOST)";
				CODE_SIGN_STYLE = Automatic;
				CURRENT_PROJECT_VERSION = 1;
				DEVELOPMENT_TEAM = 4MD5T682WB;
				GENERATE_INFOPLIST_FILE = YES;
				IPHONEOS_DEPLOYMENT_TARGET = 16.4;
				MARKETING_VERSION = 1.0;
				PRODUCT_BUNDLE_IDENTIFIER = pl.rgkonsulting.TaekwondoGPFTTests;
				PRODUCT_NAME = "$(TARGET_NAME)";
				SWIFT_EMIT_LOC_STRINGS = NO;
				SWIFT_VERSION = 5.0;
				TARGETED_DEVICE_FAMILY = "1,2";
				TEST_HOST = "$(BUILT_PRODUCTS_DIR)/TaekwondoGPFT.app/$(BUNDLE_EXECUTABLE_FOLDER_PATH)/TaekwondoGPFT";
			};
			name = Release;
		};
		10A13E6C29F4546300633D6F /* Debug */ = {
			isa = XCBuildConfiguration;
			buildSettings = {
				CODE_SIGN_STYLE = Automatic;
				CURRENT_PROJECT_VERSION = 1;
				DEVELOPMENT_TEAM = 4MD5T682WB;
				GENERATE_INFOPLIST_FILE = YES;
				IPHONEOS_DEPLOYMENT_TARGET = 16.4;
				MARKETING_VERSION = 1.0;
				PRODUCT_BUNDLE_IDENTIFIER = pl.rgkonsulting.TaekwondoGPFTUITests;
				PRODUCT_NAME = "$(TARGET_NAME)";
				SWIFT_EMIT_LOC_STRINGS = NO;
				SWIFT_VERSION = 5.0;
				TARGETED_DEVICE_FAMILY = "1,2";
				TEST_TARGET_NAME = TaekwondoGPFT;
			};
			name = Debug;
		};
		10A13E6D29F4546300633D6F /* Release */ = {
			isa = XCBuildConfiguration;
			buildSettings = {
				CODE_SIGN_STYLE = Automatic;
				CURRENT_PROJECT_VERSION = 1;
				DEVELOPMENT_TEAM = 4MD5T682WB;
				GENERATE_INFOPLIST_FILE = YES;
				IPHONEOS_DEPLOYMENT_TARGET = 16.4;
				MARKETING_VERSION = 1.0;
				PRODUCT_BUNDLE_IDENTIFIER = pl.rgkonsulting.TaekwondoGPFTUITests;
				PRODUCT_NAME = "$(TARGET_NAME)";
				SWIFT_EMIT_LOC_STRINGS = NO;
				SWIFT_VERSION = 5.0;
				TARGETED_DEVICE_FAMILY = "1,2";
				TEST_TARGET_NAME = TaekwondoGPFT;
			};
			name = Release;
		};
		10CDA59728E4CF93000B4005 /* Debug */ = {
			isa = XCBuildConfiguration;
			buildSettings = {
				ALWAYS_SEARCH_USER_PATHS = NO;
				CLANG_ANALYZER_LOCALIZABILITY_NONLOCALIZED = YES;
				CLANG_ANALYZER_NONNULL = YES;
				CLANG_ANALYZER_NUMBER_OBJECT_CONVERSION = YES_AGGRESSIVE;
				CLANG_CXX_LANGUAGE_STANDARD = "gnu++20";
				CLANG_ENABLE_MODULES = YES;
				CLANG_ENABLE_OBJC_ARC = YES;
				CLANG_ENABLE_OBJC_WEAK = YES;
				CLANG_WARN_BLOCK_CAPTURE_AUTORELEASING = YES;
				CLANG_WARN_BOOL_CONVERSION = YES;
				CLANG_WARN_COMMA = YES;
				CLANG_WARN_CONSTANT_CONVERSION = YES;
				CLANG_WARN_DEPRECATED_OBJC_IMPLEMENTATIONS = YES;
				CLANG_WARN_DIRECT_OBJC_ISA_USAGE = YES_ERROR;
				CLANG_WARN_DOCUMENTATION_COMMENTS = YES;
				CLANG_WARN_EMPTY_BODY = YES;
				CLANG_WARN_ENUM_CONVERSION = YES;
				CLANG_WARN_INFINITE_RECURSION = YES;
				CLANG_WARN_INT_CONVERSION = YES;
				CLANG_WARN_NON_LITERAL_NULL_CONVERSION = YES;
				CLANG_WARN_OBJC_IMPLICIT_RETAIN_SELF = YES;
				CLANG_WARN_OBJC_LITERAL_CONVERSION = YES;
				CLANG_WARN_OBJC_ROOT_CLASS = YES_ERROR;
				CLANG_WARN_QUOTED_INCLUDE_IN_FRAMEWORK_HEADER = YES;
				CLANG_WARN_RANGE_LOOP_ANALYSIS = YES;
				CLANG_WARN_STRICT_PROTOTYPES = YES;
				CLANG_WARN_SUSPICIOUS_MOVE = YES;
				CLANG_WARN_UNGUARDED_AVAILABILITY = YES_AGGRESSIVE;
				CLANG_WARN_UNREACHABLE_CODE = YES;
				CLANG_WARN__DUPLICATE_METHOD_MATCH = YES;
				COPY_PHASE_STRIP = NO;
				DEBUG_INFORMATION_FORMAT = dwarf;
				ENABLE_STRICT_OBJC_MSGSEND = YES;
				ENABLE_TESTABILITY = YES;
				GCC_C_LANGUAGE_STANDARD = gnu11;
				GCC_DYNAMIC_NO_PIC = NO;
				GCC_NO_COMMON_BLOCKS = YES;
				GCC_OPTIMIZATION_LEVEL = 0;
				GCC_PREPROCESSOR_DEFINITIONS = (
					"DEBUG=1",
					"$(inherited)",
				);
				GCC_WARN_64_TO_32_BIT_CONVERSION = YES;
				GCC_WARN_ABOUT_RETURN_TYPE = YES_ERROR;
				GCC_WARN_UNDECLARED_SELECTOR = YES;
				GCC_WARN_UNINITIALIZED_AUTOS = YES_AGGRESSIVE;
				GCC_WARN_UNUSED_FUNCTION = YES;
				GCC_WARN_UNUSED_VARIABLE = YES;
				IPHONEOS_DEPLOYMENT_TARGET = 16.0;
				MTL_ENABLE_DEBUG_INFO = INCLUDE_SOURCE;
				MTL_FAST_MATH = YES;
				ONLY_ACTIVE_ARCH = YES;
				SDKROOT = iphoneos;
				SWIFT_ACTIVE_COMPILATION_CONDITIONS = DEBUG;
				SWIFT_OPTIMIZATION_LEVEL = "-Onone";
			};
			name = Debug;
		};
		10CDA59828E4CF93000B4005 /* Release */ = {
			isa = XCBuildConfiguration;
			buildSettings = {
				ALWAYS_SEARCH_USER_PATHS = NO;
				CLANG_ANALYZER_LOCALIZABILITY_NONLOCALIZED = YES;
				CLANG_ANALYZER_NONNULL = YES;
				CLANG_ANALYZER_NUMBER_OBJECT_CONVERSION = YES_AGGRESSIVE;
				CLANG_CXX_LANGUAGE_STANDARD = "gnu++20";
				CLANG_ENABLE_MODULES = YES;
				CLANG_ENABLE_OBJC_ARC = YES;
				CLANG_ENABLE_OBJC_WEAK = YES;
				CLANG_WARN_BLOCK_CAPTURE_AUTORELEASING = YES;
				CLANG_WARN_BOOL_CONVERSION = YES;
				CLANG_WARN_COMMA = YES;
				CLANG_WARN_CONSTANT_CONVERSION = YES;
				CLANG_WARN_DEPRECATED_OBJC_IMPLEMENTATIONS = YES;
				CLANG_WARN_DIRECT_OBJC_ISA_USAGE = YES_ERROR;
				CLANG_WARN_DOCUMENTATION_COMMENTS = YES;
				CLANG_WARN_EMPTY_BODY = YES;
				CLANG_WARN_ENUM_CONVERSION = YES;
				CLANG_WARN_INFINITE_RECURSION = YES;
				CLANG_WARN_INT_CONVERSION = YES;
				CLANG_WARN_NON_LITERAL_NULL_CONVERSION = YES;
				CLANG_WARN_OBJC_IMPLICIT_RETAIN_SELF = YES;
				CLANG_WARN_OBJC_LITERAL_CONVERSION = YES;
				CLANG_WARN_OBJC_ROOT_CLASS = YES_ERROR;
				CLANG_WARN_QUOTED_INCLUDE_IN_FRAMEWORK_HEADER = YES;
				CLANG_WARN_RANGE_LOOP_ANALYSIS = YES;
				CLANG_WARN_STRICT_PROTOTYPES = YES;
				CLANG_WARN_SUSPICIOUS_MOVE = YES;
				CLANG_WARN_UNGUARDED_AVAILABILITY = YES_AGGRESSIVE;
				CLANG_WARN_UNREACHABLE_CODE = YES;
				CLANG_WARN__DUPLICATE_METHOD_MATCH = YES;
				COPY_PHASE_STRIP = NO;
				DEBUG_INFORMATION_FORMAT = "dwarf-with-dsym";
				ENABLE_NS_ASSERTIONS = NO;
				ENABLE_STRICT_OBJC_MSGSEND = YES;
				GCC_C_LANGUAGE_STANDARD = gnu11;
				GCC_NO_COMMON_BLOCKS = YES;
				GCC_WARN_64_TO_32_BIT_CONVERSION = YES;
				GCC_WARN_ABOUT_RETURN_TYPE = YES_ERROR;
				GCC_WARN_UNDECLARED_SELECTOR = YES;
				GCC_WARN_UNINITIALIZED_AUTOS = YES_AGGRESSIVE;
				GCC_WARN_UNUSED_FUNCTION = YES;
				GCC_WARN_UNUSED_VARIABLE = YES;
				IPHONEOS_DEPLOYMENT_TARGET = 16.0;
				MTL_ENABLE_DEBUG_INFO = NO;
				MTL_FAST_MATH = YES;
				SDKROOT = iphoneos;
				SWIFT_COMPILATION_MODE = wholemodule;
				SWIFT_OPTIMIZATION_LEVEL = "-O";
				VALIDATE_PRODUCT = YES;
			};
			name = Release;
		};
		10CDA59A28E4CF93000B4005 /* Debug */ = {
			isa = XCBuildConfiguration;
			buildSettings = {
				ASSETCATALOG_COMPILER_APPICON_NAME = AppIcon;
				ASSETCATALOG_COMPILER_GLOBAL_ACCENT_COLOR_NAME = AccentColor;
				Appearance = "";
				CODE_SIGN_ENTITLEMENTS = TaekwondoGPFT/TaekwondoGPFT.entitlements;
				CODE_SIGN_STYLE = Automatic;
				CURRENT_PROJECT_VERSION = 1;
				DEVELOPMENT_TEAM = 4MD5T682WB;
				GENERATE_INFOPLIST_FILE = YES;
				INFOPLIST_FILE = TaekwondoGPFT/Info.plist;
				INFOPLIST_KEY_CFBundleDisplayName = "Taekwondo GPFT";
				INFOPLIST_KEY_LSApplicationCategoryType = "public.app-category.healthcare-fitness";
				INFOPLIST_KEY_UIApplicationSupportsIndirectInputEvents = YES;
				INFOPLIST_KEY_UIStatusBarStyle = UIStatusBarStyleLightContent;
				INFOPLIST_KEY_UISupportedInterfaceOrientations = "UIInterfaceOrientationLandscapeLeft UIInterfaceOrientationLandscapeRight UIInterfaceOrientationPortrait";
				INFOPLIST_KEY_UIUserInterfaceStyle = Light;
				IPHONEOS_DEPLOYMENT_TARGET = 16.0;
				LD_RUNPATH_SEARCH_PATHS = (
					"$(inherited)",
					"@executable_path/Frameworks",
				);
				MARKETING_VERSION = 1.0;
				PRODUCT_BUNDLE_IDENTIFIER = pl.rgkonsulting.TaekwondoGPFT;
				PRODUCT_NAME = "$(TARGET_NAME)";
				SUPPORTED_PLATFORMS = "iphoneos iphonesimulator";
				SUPPORTS_MACCATALYST = NO;
				SUPPORTS_MAC_DESIGNED_FOR_IPHONE_IPAD = NO;
				SWIFT_EMIT_LOC_STRINGS = YES;
				SWIFT_VERSION = 5.0;
				TARGETED_DEVICE_FAMILY = 1;
			};
			name = Debug;
		};
		10CDA59B28E4CF93000B4005 /* Release */ = {
			isa = XCBuildConfiguration;
			buildSettings = {
				ASSETCATALOG_COMPILER_APPICON_NAME = AppIcon;
				ASSETCATALOG_COMPILER_GLOBAL_ACCENT_COLOR_NAME = AccentColor;
				Appearance = "";
				CODE_SIGN_ENTITLEMENTS = TaekwondoGPFT/TaekwondoGPFT.entitlements;
				CODE_SIGN_STYLE = Automatic;
				CURRENT_PROJECT_VERSION = 1;
				DEVELOPMENT_TEAM = 4MD5T682WB;
				GENERATE_INFOPLIST_FILE = YES;
				INFOPLIST_FILE = TaekwondoGPFT/Info.plist;
				INFOPLIST_KEY_CFBundleDisplayName = "Taekwondo GPFT";
				INFOPLIST_KEY_LSApplicationCategoryType = "public.app-category.healthcare-fitness";
				INFOPLIST_KEY_UIApplicationSupportsIndirectInputEvents = YES;
				INFOPLIST_KEY_UIStatusBarStyle = UIStatusBarStyleLightContent;
				INFOPLIST_KEY_UISupportedInterfaceOrientations = "UIInterfaceOrientationLandscapeLeft UIInterfaceOrientationLandscapeRight UIInterfaceOrientationPortrait";
				INFOPLIST_KEY_UIUserInterfaceStyle = Light;
				IPHONEOS_DEPLOYMENT_TARGET = 16.0;
				LD_RUNPATH_SEARCH_PATHS = (
					"$(inherited)",
					"@executable_path/Frameworks",
				);
				MARKETING_VERSION = 1.0;
				PRODUCT_BUNDLE_IDENTIFIER = pl.rgkonsulting.TaekwondoGPFT;
				PRODUCT_NAME = "$(TARGET_NAME)";
				SUPPORTED_PLATFORMS = "iphoneos iphonesimulator";
				SUPPORTS_MACCATALYST = NO;
				SUPPORTS_MAC_DESIGNED_FOR_IPHONE_IPAD = NO;
				SWIFT_EMIT_LOC_STRINGS = YES;
				SWIFT_VERSION = 5.0;
				TARGETED_DEVICE_FAMILY = 1;
			};
			name = Release;
		};
/* End XCBuildConfiguration section */

/* Begin XCConfigurationList section */
		10A13E5C29F4544700633D6F /* Build configuration list for PBXNativeTarget "TaekwondoGPFTTests" */ = {
			isa = XCConfigurationList;
			buildConfigurations = (
				10A13E5D29F4544700633D6F /* Debug */,
				10A13E5E29F4544700633D6F /* Release */,
			);
			defaultConfigurationIsVisible = 0;
			defaultConfigurationName = Release;
		};
		10A13E6B29F4546300633D6F /* Build configuration list for PBXNativeTarget "TaekwondoGPFTUITests" */ = {
			isa = XCConfigurationList;
			buildConfigurations = (
				10A13E6C29F4546300633D6F /* Debug */,
				10A13E6D29F4546300633D6F /* Release */,
			);
			defaultConfigurationIsVisible = 0;
			defaultConfigurationName = Release;
		};
		10CDA58028E4CF92000B4005 /* Build configuration list for PBXProject "TaekwondoGPFT" */ = {
			isa = XCConfigurationList;
			buildConfigurations = (
				10CDA59728E4CF93000B4005 /* Debug */,
				10CDA59828E4CF93000B4005 /* Release */,
			);
			defaultConfigurationIsVisible = 0;
			defaultConfigurationName = Release;
		};
		10CDA59928E4CF93000B4005 /* Build configuration list for PBXNativeTarget "TaekwondoGPFT" */ = {
			isa = XCConfigurationList;
			buildConfigurations = (
				10CDA59A28E4CF93000B4005 /* Debug */,
				10CDA59B28E4CF93000B4005 /* Release */,
			);
			defaultConfigurationIsVisible = 0;
			defaultConfigurationName = Release;
		};
/* End XCConfigurationList section */
	};
	rootObject = 10CDA57D28E4CF92000B4005 /* Project object */;
}
